<?xml version="1.0" encoding="utf-8"?>
<Project ToolsVersion="4.0" xmlns="http://schemas.microsoft.com/developer/msbuild/2003">
  <ItemGroup>
    <Filter Include="Base Files">
      <UniqueIdentifier>{8854030a-86ae-4b14-84f5-d3933f45c5a4}</UniqueIdentifier>
    </Filter>
    <Filter Include="Server">
      <UniqueIdentifier>{1a588898-e7e1-4d2d-b194-b7c4b94ff988}</UniqueIdentifier>
    </Filter>
    <Filter Include="Base Files\Dialog">
      <UniqueIdentifier>{2f4879f8-8644-474b-8c7e-8018883f284e}</UniqueIdentifier>
    </Filter>
    <Filter Include="Base Files\리소스 파일">
      <UniqueIdentifier>{67DA6AB6-F800-4c08-8B7A-83BB121AAD01}</UniqueIdentifier>
      <Extensions>rc;ico;cur;bmp;dlg;rc2;rct;bin;rgs;gif;jpg;jpeg;jpe;resx;tiff;tif;png;wav;mfcribbon-ms</Extensions>
    </Filter>
    <Filter Include="Client">
      <UniqueIdentifier>{22aff332-4f81-40b6-aa04-b6589a98d6ad}</UniqueIdentifier>
    </Filter>
    <Filter Include="Common">
      <UniqueIdentifier>{eb5bc7d5-57a5-4de5-b985-67f7c7dfcc60}</UniqueIdentifier>
    </Filter>
    <Filter Include="SVRCommon">
      <UniqueIdentifier>{908deb71-5ccf-4d2a-8002-1e58465c61e9}</UniqueIdentifier>
    </Filter>
    <Filter Include="DB">
      <UniqueIdentifier>{a4517a58-2422-409c-a43a-51687f320186}</UniqueIdentifier>
    </Filter>
  </ItemGroup>
  <ItemGroup>
    <Text Include="ReadMe.txt" />
    <Text Include="Config.txt" />
  </ItemGroup>
  <ItemGroup>
    <ClInclude Include="Server.h">
      <Filter>Server</Filter>
    </ClInclude>
    <ClInclude Include="Resource.h">
      <Filter>Base Files</Filter>
    </ClInclude>
    <ClInclude Include="stdafx.h">
      <Filter>Base Files</Filter>
    </ClInclude>
    <ClInclude Include="targetver.h">
      <Filter>Base Files</Filter>
    </ClInclude>
    <ClInclude Include="Config.h">
      <Filter>Server</Filter>
    </ClInclude>
    <ClInclude Include="ServerApp.h">
      <Filter>Base Files\Dialog</Filter>
    </ClInclude>
    <ClInclude Include="ServerDlg.h">
      <Filter>Base Files\Dialog</Filter>
    </ClInclude>
    <ClInclude Include="..\..\..\Library\Common\NetPacket.h">
      <Filter>Common</Filter>
    </ClInclude>
    <ClInclude Include="..\..\..\Library\Common\NetProtocol.h">
      <Filter>Common</Filter>
    </ClInclude>
    <ClInclude Include="..\..\..\Library\Common\NetDefine.h">
      <Filter>Common</Filter>
    </ClInclude>
    <ClInclude Include="..\..\..\Library\Common\NetResult.h">
      <Filter>Common</Filter>
    </ClInclude>
    <ClInclude Include="ServerDefine.h">
      <Filter>Server</Filter>
    </ClInclude>
    <ClInclude Include="..\..\Common\SVRDefine.h">
      <Filter>SVRCommon</Filter>
    </ClInclude>
    <ClInclude Include="MainFrm.h">
      <Filter>Server</Filter>
    </ClInclude>
    <ClInclude Include="ConnectorCenter.h">
      <Filter>Client</Filter>
    </ClInclude>
    <ClInclude Include="..\..\Common\SVRPacket.h">
      <Filter>SVRCommon</Filter>
    </ClInclude>
    <ClInclude Include="DatabaseMgr.h">
      <Filter>DB</Filter>
    </ClInclude>
    <ClInclude Include="Database.h">
      <Filter>DB</Filter>
    </ClInclude>
  </ItemGroup>
  <ItemGroup>
    <ClCompile Include="Server.cpp">
      <Filter>Server</Filter>
    </ClCompile>
    <ClCompile Include="stdafx.cpp">
      <Filter>Base Files</Filter>
    </ClCompile>
    <ClCompile Include="Config.cpp">
      <Filter>Server</Filter>
    </ClCompile>
    <ClCompile Include="ServerApp.cpp">
      <Filter>Base Files\Dialog</Filter>
    </ClCompile>
    <ClCompile Include="ServerDlg.cpp">
      <Filter>Base Files\Dialog</Filter>
    </ClCompile>
    <ClCompile Include="MainFrm.cpp">
      <Filter>Server</Filter>
    </ClCompile>
    <ClCompile Include="ConnectorCenter.cpp">
      <Filter>Client</Filter>
    </ClCompile>
    <ClCompile Include="DatabaseMgr.cpp">
      <Filter>DB</Filter>
    </ClCompile>
    <ClCompile Include="Database.cpp">
      <Filter>DB</Filter>
    </ClCompile>
    <ClCompile Include="MainFrmDBProcess.cpp">
      <Filter>Server</Filter>
    </ClCompile>
  </ItemGroup>
  <ItemGroup>
    <Image Include="res\Server.ico">
      <Filter>Base Files\리소스 파일</Filter>
    </Image>
  </ItemGroup>
  <ItemGroup>
    <ResourceCompile Include="Server.rc">
      <Filter>Base Files\리소스 파일</Filter>
    </ResourceCompile>
  </ItemGroup>
  <ItemGroup>
    <None Include="res\Server.rc2">
      <Filter>Base Files\리소스 파일</Filter>
    </None>
  </ItemGroup>
</Project>